// !$*UTF8*$!
{
	archiveVersion = 1;
	classes = {
	};
	objectVersion = 46;
	objects = {

/* Begin PBXBuildFile section */
		67C7BB651E160C7C00512244 /* AppDelegate.swift in Sources */ = {isa = PBXBuildFile; fileRef = 67C7BB641E160C7C00512244 /* AppDelegate.swift */; };
		67C7BB671E160C7C00512244 /* ViewController.swift in Sources */ = {isa = PBXBuildFile; fileRef = 67C7BB661E160C7C00512244 /* ViewController.swift */; };
		67C7BB6A1E160C7C00512244 /* Main.storyboard in Resources */ = {isa = PBXBuildFile; fileRef = 67C7BB681E160C7C00512244 /* Main.storyboard */; };
		67C7BB6D1E160C7D00512244 /* ChangingScreenWithSegues.xcdatamodeld in Sources */ = {isa = PBXBuildFile; fileRef = 67C7BB6B1E160C7D00512244 /* ChangingScreenWithSegues.xcdatamodeld */; };
		67C7BB6F1E160C7D00512244 /* Assets.xcassets in Resources */ = {isa = PBXBuildFile; fileRef = 67C7BB6E1E160C7D00512244 /* Assets.xcassets */; };
		67C7BB721E160C7D00512244 /* LaunchScreen.storyboard in Resources */ = {isa = PBXBuildFile; fileRef = 67C7BB701E160C7D00512244 /* LaunchScreen.storyboard */; };
		67C7BB7D1E160C7D00512244 /* ChangingScreenWithSeguesTests.swift in Sources */ = {isa = PBXBuildFile; fileRef = 67C7BB7C1E160C7D00512244 /* ChangingScreenWithSeguesTests.swift */; };
		67C7BB881E160C7D00512244 /* ChangingScreenWithSeguesUITests.swift in Sources */ = {isa = PBXBuildFile; fileRef = 67C7BB871E160C7D00512244 /* ChangingScreenWithSeguesUITests.swift */; };
/* End PBXBuildFile section */

/* Begin PBXContainerItemProxy section */
		67C7BB791E160C7D00512244 /* PBXContainerItemProxy */ = {
			isa = PBXContainerItemProxy;
			containerPortal = 67C7BB591E160C7C00512244 /* Project object */;
			proxyType = 1;
			remoteGlobalIDString = 67C7BB601E160C7C00512244;
			remoteInfo = ChangingScreenWithSegues;
		};
		67C7BB841E160C7D00512244 /* PBXContainerItemProxy */ = {
			isa = PBXContainerItemProxy;
			containerPortal = 67C7BB591E160C7C00512244 /* Project object */;
			proxyType = 1;
			remoteGlobalIDString = 67C7BB601E160C7C00512244;
			remoteInfo = ChangingScreenWithSegues;
		};
/* End PBXContainerItemProxy section */

/* Begin PBXFileReference section */
		67C7BB611E160C7C00512244 /* ChangingScreenWithSegues.app */ = {isa = PBXFileReference; explicitFileType = wrapper.application; includeInIndex = 0; path = ChangingScreenWithSegues.app; sourceTree = BUILT_PRODUCTS_DIR; };
		67C7BB641E160C7C00512244 /* AppDelegate.swift */ = {isa = PBXFileReference; lastKnownFileType = sourcecode.swift; path = AppDelegate.swift; sourceTree = "<group>"; };
		67C7BB661E160C7C00512244 /* ViewController.swift */ = {isa = PBXFileReference; lastKnownFileType = sourcecode.swift; path = ViewController.swift; sourceTree = "<group>"; };
		67C7BB691E160C7C00512244 /* Base */ = {isa = PBXFileReference; lastKnownFileType = file.storyboard; name = Base; path = Base.lproj/Main.storyboard; sourceTree = "<group>"; };
		67C7BB6C1E160C7D00512244 /* ChangingScreenWithSegues.xcdatamodel */ = {isa = PBXFileReference; lastKnownFileType = wrapper.xcdatamodel; path = ChangingScreenWithSegues.xcdatamodel; sourceTree = "<group>"; };
		67C7BB6E1E160C7D00512244 /* Assets.xcassets */ = {isa = PBXFileReference; lastKnownFileType = folder.assetcatalog; path = Assets.xcassets; sourceTree = "<group>"; };
		67C7BB711E160C7D00512244 /* Base */ = {isa = PBXFileReference; lastKnownFileType = file.storyboard; name = Base; path = Base.lproj/LaunchScreen.storyboard; sourceTree = "<group>"; };
		67C7BB731E160C7D00512244 /* Info.plist */ = {isa = PBXFileReference; lastKnownFileType = text.plist.xml; path = Info.plist; sourceTree = "<group>"; };
		67C7BB781E160C7D00512244 /* ChangingScreenWithSeguesTests.xctest */ = {isa = PBXFileReference; explicitFileType = wrapper.cfbundle; includeInIndex = 0; path = ChangingScreenWithSeguesTests.xctest; sourceTree = BUILT_PRODUCTS_DIR; };
		67C7BB7C1E160C7D00512244 /* ChangingScreenWithSeguesTests.swift */ = {isa = PBXFileReference; lastKnownFileType = sourcecode.swift; path = ChangingScreenWithSeguesTests.swift; sourceTree = "<group>"; };
		67C7BB7E1E160C7D00512244 /* Info.plist */ = {isa = PBXFileReference; lastKnownFileType = text.plist.xml; path = Info.plist; sourceTree = "<group>"; };
		67C7BB831E160C7D00512244 /* ChangingScreenWithSeguesUITests.xctest */ = {isa = PBXFileReference; explicitFileType = wrapper.cfbundle; includeInIndex = 0; path = ChangingScreenWithSeguesUITests.xctest; sourceTree = BUILT_PRODUCTS_DIR; };
		67C7BB871E160C7D00512244 /* ChangingScreenWithSeguesUITests.swift */ = {isa = PBXFileReference; lastKnownFileType = sourcecode.swift; path = ChangingScreenWithSeguesUITests.swift; sourceTree = "<group>"; };
		67C7BB891E160C7D00512244 /* Info.plist */ = {isa = PBXFileReference; lastKnownFileType = text.plist.xml; path = Info.plist; sourceTree = "<group>"; };
/* End PBXFileReference section */

/* Begin PBXFrameworksBuildPhase section */
		67C7BB5E1E160C7C00512244 /* Frameworks */ = {
			isa = PBXFrameworksBuildPhase;
			buildActionMask = 2147483647;
			files = (
			);
			runOnlyForDeploymentPostprocessing = 0;
		};
		67C7BB751E160C7D00512244 /* Frameworks */ = {
			isa = PBXFrameworksBuildPhase;
			buildActionMask = 2147483647;
			files = (
			);
			runOnlyForDeploymentPostprocessing = 0;
		};
		67C7BB801E160C7D00512244 /* Frameworks */ = {
			isa = PBXFrameworksBuildPhase;
			buildActionMask = 2147483647;
			files = (
			);
			runOnlyForDeploymentPostprocessing = 0;
		};
/* End PBXFrameworksBuildPhase section */

/* Begin PBXGroup section */
		67C7BB581E160C7C00512244 = {
			isa = PBXGroup;
			children = (
				67C7BB631E160C7C00512244 /* ChangingScreenWithSegues */,
				67C7BB7B1E160C7D00512244 /* ChangingScreenWithSeguesTests */,
				67C7BB861E160C7D00512244 /* ChangingScreenWithSeguesUITests */,
				67C7BB621E160C7C00512244 /* Products */,
			);
			sourceTree = "<group>";
		};
		67C7BB621E160C7C00512244 /* Products */ = {
			isa = PBXGroup;
			children = (
				67C7BB611E160C7C00512244 /* ChangingScreenWithSegues.app */,
				67C7BB781E160C7D00512244 /* ChangingScreenWithSeguesTests.xctest */,
				67C7BB831E160C7D00512244 /* ChangingScreenWithSeguesUITests.xctest */,
			);
			name = Products;
			sourceTree = "<group>";
		};
		67C7BB631E160C7C00512244 /* ChangingScreenWithSegues */ = {
			isa = PBXGroup;
			children = (
				67C7BB641E160C7C00512244 /* AppDelegate.swift */,
				67C7BB661E160C7C00512244 /* ViewController.swift */,
				67C7BB681E160C7C00512244 /* Main.storyboard */,
				67C7BB6E1E160C7D00512244 /* Assets.xcassets */,
				67C7BB701E160C7D00512244 /* LaunchScreen.storyboard */,
				67C7BB731E160C7D00512244 /* Info.plist */,
				67C7BB6B1E160C7D00512244 /* ChangingScreenWithSegues.xcdatamodeld */,
			);
			path = ChangingScreenWithSegues;
			sourceTree = "<group>";
		};
		67C7BB7B1E160C7D00512244 /* ChangingScreenWithSeguesTests */ = {
			isa = PBXGroup;
			children = (
				67C7BB7C1E160C7D00512244 /* ChangingScreenWithSeguesTests.swift */,
				67C7BB7E1E160C7D00512244 /* Info.plist */,
			);
			path = ChangingScreenWithSeguesTests;
			sourceTree = "<group>";
		};
		67C7BB861E160C7D00512244 /* ChangingScreenWithSeguesUITests */ = {
			isa = PBXGroup;
			children = (
				67C7BB871E160C7D00512244 /* ChangingScreenWithSeguesUITests.swift */,
				67C7BB891E160C7D00512244 /* Info.plist */,
			);
			path = ChangingScreenWithSeguesUITests;
			sourceTree = "<group>";
		};
/* End PBXGroup section */

/* Begin PBXNativeTarget section */
		67C7BB601E160C7C00512244 /* ChangingScreenWithSegues */ = {
			isa = PBXNativeTarget;
			buildConfigurationList = 67C7BB8C1E160C7D00512244 /* Build configuration list for PBXNativeTarget "ChangingScreenWithSegues" */;
			buildPhases = (
				67C7BB5D1E160C7C00512244 /* Sources */,
				67C7BB5E1E160C7C00512244 /* Frameworks */,
				67C7BB5F1E160C7C00512244 /* Resources */,
			);
			buildRules = (
			);
			dependencies = (
			);
			name = ChangingScreenWithSegues;
			productName = ChangingScreenWithSegues;
			productReference = 67C7BB611E160C7C00512244 /* ChangingScreenWithSegues.app */;
			productType = "com.apple.product-type.application";
		};
		67C7BB771E160C7D00512244 /* ChangingScreenWithSeguesTests */ = {
			isa = PBXNativeTarget;
			buildConfigurationList = 67C7BB8F1E160C7D00512244 /* Build configuration list for PBXNativeTarget "ChangingScreenWithSeguesTests" */;
			buildPhases = (
				67C7BB741E160C7D00512244 /* Sources */,
				67C7BB751E160C7D00512244 /* Frameworks */,
				67C7BB761E160C7D00512244 /* Resources */,
			);
			buildRules = (
			);
			dependencies = (
				67C7BB7A1E160C7D00512244 /* PBXTargetDependency */,
			);
			name = ChangingScreenWithSeguesTests;
			productName = ChangingScreenWithSeguesTests;
			productReference = 67C7BB781E160C7D00512244 /* ChangingScreenWithSeguesTests.xctest */;
			productType = "com.apple.product-type.bundle.unit-test";
		};
		67C7BB821E160C7D00512244 /* ChangingScreenWithSeguesUITests */ = {
			isa = PBXNativeTarget;
			buildConfigurationList = 67C7BB921E160C7D00512244 /* Build configuration list for PBXNativeTarget "ChangingScreenWithSeguesUITests" */;
			buildPhases = (
				67C7BB7F1E160C7D00512244 /* Sources */,
				67C7BB801E160C7D00512244 /* Frameworks */,
				67C7BB811E160C7D00512244 /* Resources */,
			);
			buildRules = (
			);
			dependencies = (
				67C7BB851E160C7D00512244 /* PBXTargetDependency */,
			);
			name = ChangingScreenWithSeguesUITests;
			productName = ChangingScreenWithSeguesUITests;
			productReference = 67C7BB831E160C7D00512244 /* ChangingScreenWithSeguesUITests.xctest */;
			productType = "com.apple.product-type.bundle.ui-testing";
		};
/* End PBXNativeTarget section */

/* Begin PBXProject section */
		67C7BB591E160C7C00512244 /* Project object */ = {
			isa = PBXProject;
			attributes = {
				LastSwiftUpdateCheck = 0800;
				LastUpgradeCheck = 0800;
				ORGANIZATIONNAME = NguyenHung;
				TargetAttributes = {
					67C7BB601E160C7C00512244 = {
						CreatedOnToolsVersion = 8.0;
						ProvisioningStyle = Automatic;
					};
					67C7BB771E160C7D00512244 = {
						CreatedOnToolsVersion = 8.0;
						ProvisioningStyle = Automatic;
						TestTargetID = 67C7BB601E160C7C00512244;
					};
					67C7BB821E160C7D00512244 = {
						CreatedOnToolsVersion = 8.0;
						ProvisioningStyle = Automatic;
						TestTargetID = 67C7BB601E160C7C00512244;
					};
				};
			};
			buildConfigurationList = 67C7BB5C1E160C7C00512244 /* Build configuration list for PBXProject "ChangingScreenWithSegues" */;
			compatibilityVersion = "Xcode 3.2";
			developmentRegion = English;
			hasScannedForEncodings = 0;
			knownRegions = (
				en,
				Base,
			);
			mainGroup = 67C7BB581E160C7C00512244;
			productRefGroup = 67C7BB621E160C7C00512244 /* Products */;
			projectDirPath = "";
			projectRoot = "";
			targets = (
				67C7BB601E160C7C00512244 /* ChangingScreenWithSegues */,
				67C7BB771E160C7D00512244 /* ChangingScreenWithSeguesTests */,
				67C7BB821E160C7D00512244 /* ChangingScreenWithSeguesUITests */,
			);
		};
/* End PBXProject section */

/* Begin PBXResourcesBuildPhase section */
		67C7BB5F1E160C7C00512244 /* Resources */ = {
			isa = PBXResourcesBuildPhase;
			buildActionMask = 2147483647;
			files = (
				67C7BB721E160C7D00512244 /* LaunchScreen.storyboard in Resources */,
				67C7BB6F1E160C7D00512244 /* Assets.xcassets in Resources */,
				67C7BB6A1E160C7C00512244 /* Main.storyboard in Resources */,
			);
			runOnlyForDeploymentPostprocessing = 0;
		};
		67C7BB761E160C7D00512244 /* Resources */ = {
			isa = PBXResourcesBuildPhase;
			buildActionMask = 2147483647;
			files = (
			);
			runOnlyForDeploymentPostprocessing = 0;
		};
		67C7BB811E160C7D00512244 /* Resources */ = {
			isa = PBXResourcesBuildPhase;
			buildActionMask = 2147483647;
			files = (
			);
			runOnlyForDeploymentPostprocessing = 0;
		};
/* End PBXResourcesBuildPhase section */

/* Begin PBXSourcesBuildPhase section */
		67C7BB5D1E160C7C00512244 /* Sources */ = {
			isa = PBXSourcesBuildPhase;
			buildActionMask = 2147483647;
			files = (
				67C7BB671E160C7C00512244 /* ViewController.swift in Sources */,
				67C7BB6D1E160C7D00512244 /* ChangingScreenWithSegues.xcdatamodeld in Sources */,
				67C7BB651E160C7C00512244 /* AppDelegate.swift in Sources */,
			);
			runOnlyForDeploymentPostprocessing = 0;
		};
		67C7BB741E160C7D00512244 /* Sources */ = {
			isa = PBXSourcesBuildPhase;
			buildActionMask = 2147483647;
			files = (
				67C7BB7D1E160C7D00512244 /* ChangingScreenWithSeguesTests.swift in Sources */,
			);
			runOnlyForDeploymentPostprocessing = 0;
		};
		67C7BB7F1E160C7D00512244 /* Sources */ = {
			isa = PBXSourcesBuildPhase;
			buildActionMask = 2147483647;
			files = (
				67C7BB881E160C7D00512244 /* ChangingScreenWithSeguesUITests.swift in Sources */,
			);
			runOnlyForDeploymentPostprocessing = 0;
		};
/* End PBXSourcesBuildPhase section */

/* Begin PBXTargetDependency section */
		67C7BB7A1E160C7D00512244 /* PBXTargetDependency */ = {
			isa = PBXTargetDependency;
			target = 67C7BB601E160C7C00512244 /* ChangingScreenWithSegues */;
			targetProxy = 67C7BB791E160C7D00512244 /* PBXContainerItemProxy */;
		};
		67C7BB851E160C7D00512244 /* PBXTargetDependency */ = {
			isa = PBXTargetDependency;
			target = 67C7BB601E160C7C00512244 /* ChangingScreenWithSegues */;
			targetProxy = 67C7BB841E160C7D00512244 /* PBXContainerItemProxy */;
		};
/* End PBXTargetDependency section */

/* Begin PBXVariantGroup section */
		67C7BB681E160C7C00512244 /* Main.storyboard */ = {
			isa = PBXVariantGroup;
			children = (
				67C7BB691E160C7C00512244 /* Base */,
			);
			name = Main.storyboard;
			sourceTree = "<group>";
		};
		67C7BB701E160C7D00512244 /* LaunchScreen.storyboard */ = {
			isa = PBXVariantGroup;
			children = (
				67C7BB711E160C7D00512244 /* Base */,
			);
			name = LaunchScreen.storyboard;
			sourceTree = "<group>";
		};
/* End PBXVariantGroup section */

/* Begin XCBuildConfiguration section */
		67C7BB8A1E160C7D00512244 /* Debug */ = {
			isa = XCBuildConfiguration;
			buildSettings = {
				ALWAYS_SEARCH_USER_PATHS = NO;
				CLANG_ANALYZER_NONNULL = YES;
				CLANG_CXX_LANGUAGE_STANDARD = "gnu++0x";
				CLANG_CXX_LIBRARY = "libc++";
				CLANG_ENABLE_MODULES = YES;
				CLANG_ENABLE_OBJC_ARC = YES;
				CLANG_WARN_BOOL_CONVERSION = YES;
				CLANG_WARN_CONSTANT_CONVERSION = YES;
				CLANG_WARN_DIRECT_OBJC_ISA_USAGE = YES_ERROR;
				CLANG_WARN_DOCUMENTATION_COMMENTS = YES;
				CLANG_WARN_EMPTY_BODY = YES;
				CLANG_WARN_ENUM_CONVERSION = YES;
				CLANG_WARN_INFINITE_RECURSION = YES;
				CLANG_WARN_INT_CONVERSION = YES;
				CLANG_WARN_OBJC_ROOT_CLASS = YES_ERROR;
				CLANG_WARN_SUSPICIOUS_MOVES = YES;
				CLANG_WARN_UNREACHABLE_CODE = YES;
				CLANG_WARN__DUPLICATE_METHOD_MATCH = YES;
				"CODE_SIGN_IDENTITY[sdk=iphoneos*]" = "iPhone Developer";
				COPY_PHASE_STRIP = NO;
				DEBUG_INFORMATION_FORMAT = dwarf;
				ENABLE_STRICT_OBJC_MSGSEND = YES;
				ENABLE_TESTABILITY = YES;
				GCC_C_LANGUAGE_STANDARD = gnu99;
				GCC_DYNAMIC_NO_PIC = NO;
				GCC_NO_COMMON_BLOCKS = YES;
				GCC_OPTIMIZATION_LEVEL = 0;
				GCC_PREPROCESSOR_DEFINITIONS = (
					"DEBUG=1",
					"$(inherited)",
				);
				GCC_WARN_64_TO_32_BIT_CONVERSION = YES;
				GCC_WARN_ABOUT_RETURN_TYPE = YES_ERROR;
				GCC_WARN_UNDECLARED_SELECTOR = YES;
				GCC_WARN_UNINITIALIZED_AUTOS = YES_AGGRESSIVE;
				GCC_WARN_UNUSED_FUNCTION = YES;
				GCC_WARN_UNUSED_VARIABLE = YES;
				IPHONEOS_DEPLOYMENT_TARGET = 10.0;
				MTL_ENABLE_DEBUG_INFO = YES;
				ONLY_ACTIVE_ARCH = YES;
				SDKROOT = iphoneos;
				SWIFT_ACTIVE_COMPILATION_CONDITIONS = DEBUG;
				SWIFT_OPTIMIZATION_LEVEL = "-Onone";
				TARGETED_DEVICE_FAMILY = "1,2";
			};
			name = Debug;
		};
		67C7BB8B1E160C7D00512244 /* Release */ = {
			isa = XCBuildConfiguration;
			buildSettings = {
				ALWAYS_SEARCH_USER_PATHS = NO;
				CLANG_ANALYZER_NONNULL = YES;
				CLANG_CXX_LANGUAGE_STANDARD = "gnu++0x";
				CLANG_CXX_LIBRARY = "libc++";
				CLANG_ENABLE_MODULES = YES;
				CLANG_ENABLE_OBJC_ARC = YES;
				CLANG_WARN_BOOL_CONVERSION = YES;
				CLANG_WARN_CONSTANT_CONVERSION = YES;
				CLANG_WARN_DIRECT_OBJC_ISA_USAGE = YES_ERROR;
				CLANG_WARN_DOCUMENTATION_COMMENTS = YES;
				CLANG_WARN_EMPTY_BODY = YES;
				CLANG_WARN_ENUM_CONVERSION = YES;
				CLANG_WARN_INFINITE_RECURSION = YES;
				CLANG_WARN_INT_CONVERSION = YES;
				CLANG_WARN_OBJC_ROOT_CLASS = YES_ERROR;
				CLANG_WARN_SUSPICIOUS_MOVES = YES;
				CLANG_WARN_UNREACHABLE_CODE = YES;
				CLANG_WARN__DUPLICATE_METHOD_MATCH = YES;
				"CODE_SIGN_IDENTITY[sdk=iphoneos*]" = "iPhone Developer";
				COPY_PHASE_STRIP = NO;
				DEBUG_INFORMATION_FORMAT = "dwarf-with-dsym";
				ENABLE_NS_ASSERTIONS = NO;
				ENABLE_STRICT_OBJC_MSGSEND = YES;
				GCC_C_LANGUAGE_STANDARD = gnu99;
				GCC_NO_COMMON_BLOCKS = YES;
				GCC_WARN_64_TO_32_BIT_CONVERSION = YES;
				GCC_WARN_ABOUT_RETURN_TYPE = YES_ERROR;
				GCC_WARN_UNDECLARED_SELECTOR = YES;
				GCC_WARN_UNINITIALIZED_AUTOS = YES_AGGRESSIVE;
				GCC_WARN_UNUSED_FUNCTION = YES;
				GCC_WARN_UNUSED_VARIABLE = YES;
				IPHONEOS_DEPLOYMENT_TARGET = 10.0;
				MTL_ENABLE_DEBUG_INFO = NO;
				SDKROOT = iphoneos;
				SWIFT_OPTIMIZATION_LEVEL = "-Owholemodule";
				TARGETED_DEVICE_FAMILY = "1,2";
				VALIDATE_PRODUCT = YES;
			};
			name = Release;
		};
		67C7BB8D1E160C7D00512244 /* Debug */ = {
			isa = XCBuildConfiguration;
			buildSettings = {
				ASSETCATALOG_COMPILER_APPICON_NAME = AppIcon;
				INFOPLIST_FILE = ChangingScreenWithSegues/Info.plist;
				LD_RUNPATH_SEARCH_PATHS = "$(inherited) @executable_path/Frameworks";
				PRODUCT_BUNDLE_IDENTIFIER = com.ChangingScreenWithSegues;
				PRODUCT_NAME = "$(TARGET_NAME)";
				SWIFT_VERSION = 3.0;
			};
			name = Debug;
		};
		67C7BB8E1E160C7D00512244 /* Release */ = {
			isa = XCBuildConfiguration;
			buildSettings = {
				ASSETCATALOG_COMPILER_APPICON_NAME = AppIcon;
				INFOPLIST_FILE = ChangingScreenWithSegues/Info.plist;
				LD_RUNPATH_SEARCH_PATHS = "$(inherited) @executable_path/Frameworks";
				PRODUCT_BUNDLE_IDENTIFIER = com.ChangingScreenWithSegues;
				PRODUCT_NAME = "$(TARGET_NAME)";
				SWIFT_VERSION = 3.0;
			};
			name = Release;
		};
		67C7BB901E160C7D00512244 /* Debug */ = {
			isa = XCBuildConfiguration;
			buildSettings = {
				ALWAYS_EMBED_SWIFT_STANDARD_LIBRARIES = YES;
				BUNDLE_LOADER = "$(TEST_HOST)";
				INFOPLIST_FILE = ChangingScreenWithSeguesTests/Info.plist;
				LD_RUNPATH_SEARCH_PATHS = "$(inherited) @executable_path/Frameworks @loader_path/Frameworks";
				PRODUCT_BUNDLE_IDENTIFIER = com.ChangingScreenWithSeguesTests;
				PRODUCT_NAME = "$(TARGET_NAME)";
				SWIFT_VERSION = 3.0;
				TEST_HOST = "$(BUILT_PRODUCTS_DIR)/ChangingScreenWithSegues.app/ChangingScreenWithSegues";
			};
			name = Debug;
		};
		67C7BB911E160C7D00512244 /* Release */ = {
			isa = XCBuildConfiguration;
			buildSettings = {
				ALWAYS_EMBED_SWIFT_STANDARD_LIBRARIES = YES;
				BUNDLE_LOADER = "$(TEST_HOST)";
				INFOPLIST_FILE = ChangingScreenWithSeguesTests/Info.plist;
				LD_RUNPATH_SEARCH_PATHS = "$(inherited) @executable_path/Frameworks @loader_path/Frameworks";
				PRODUCT_BUNDLE_IDENTIFIER = com.ChangingScreenWithSeguesTests;
				PRODUCT_NAME = "$(TARGET_NAME)";
				SWIFT_VERSION = 3.0;
				TEST_HOST = "$(BUILT_PRODUCTS_DIR)/ChangingScreenWithSegues.app/ChangingScreenWithSegues";
			};
			name = Release;
		};
		67C7BB931E160C7D00512244 /* Debug */ = {
			isa = XCBuildConfiguration;
			buildSettings = {
				ALWAYS_EMBED_SWIFT_STANDARD_LIBRARIES = YES;
				INFOPLIST_FILE = ChangingScreenWithSeguesUITests/Info.plist;
				LD_RUNPATH_SEARCH_PATHS = "$(inherited) @executable_path/Frameworks @loader_path/Frameworks";
				PRODUCT_BUNDLE_IDENTIFIER = com.ChangingScreenWithSeguesUITests;
				PRODUCT_NAME = "$(TARGET_NAME)";
				SWIFT_VERSION = 3.0;
				TEST_TARGET_NAME = ChangingScreenWithSegues;
			};
			name = Debug;
		};
		67C7BB941E160C7D00512244 /* Release */ = {
			isa = XCBuildConfiguration;
			buildSettings = {
				ALWAYS_EMBED_SWIFT_STANDARD_LIBRARIES = YES;
				INFOPLIST_FILE = ChangingScreenWithSeguesUITests/Info.plist;
				LD_RUNPATH_SEARCH_PATHS = "$(inherited) @executable_path/Frameworks @loader_path/Frameworks";
				PRODUCT_BUNDLE_IDENTIFIER = com.ChangingScreenWithSeguesUITests;
				PRODUCT_NAME = "$(TARGET_NAME)";
				SWIFT_VERSION = 3.0;
				TEST_TARGET_NAME = ChangingScreenWithSegues;
			};
			name = Release;
		};
/* End XCBuildConfiguration section */

/* Begin XCConfigurationList section */
		67C7BB5C1E160C7C00512244 /* Build configuration list for PBXProject "ChangingScreenWithSegues" */ = {
			isa = XCConfigurationList;
			buildConfigurations = (
				67C7BB8A1E160C7D00512244 /* Debug */,
				67C7BB8B1E160C7D00512244 /* Release */,
			);
			defaultConfigurationIsVisible = 0;
			defaultConfigurationName = Release;
		};
		67C7BB8C1E160C7D00512244 /* Build configuration list for PBXNativeTarget "ChangingScreenWithSegues" */ = {
			isa = XCConfigurationList;
			buildConfigurations = (
				67C7BB8D1E160C7D00512244 /* Debug */,
				67C7BB8E1E160C7D00512244 /* Release */,
			);
			defaultConfigurationIsVisible = 0;
		};
		67C7BB8F1E160C7D00512244 /* Build configuration list for PBXNativeTarget "ChangingScreenWithSeguesTests" */ = {
			isa = XCConfigurationList;
			buildConfigurations = (
				67C7BB901E160C7D00512244 /* Debug */,
				67C7BB911E160C7D00512244 /* Release */,
			);
			defaultConfigurationIsVisible = 0;
		};
		67C7BB921E160C7D00512244 /* Build configuration list for PBXNativeTarget "ChangingScreenWithSeguesUITests" */ = {
			isa = XCConfigurationList;
			buildConfigurations = (
				67C7BB931E160C7D00512244 /* Debug */,
				67C7BB941E160C7D00512244 /* Release */,
			);
			defaultConfigurationIsVisible = 0;
		};
/* End XCConfigurationList section */

/* Begin XCVersionGroup section */
		67C7BB6B1E160C7D00512244 /* ChangingScreenWithSegues.xcdatamodeld */ = {
			isa = XCVersionGroup;
			children = (
				67C7BB6C1E160C7D00512244 /* ChangingScreenWithSegues.xcdatamodel */,
			);
			currentVersion = 67C7BB6C1E160C7D00512244 /* ChangingScreenWithSegues.xcdatamodel */;
			path = ChangingScreenWithSegues.xcdatamodeld;
			sourceTree = "<group>";
			versionGroupType = wrapper.xcdatamodel;
		};
/* End XCVersionGroup section */
	};
	rootObject = 67C7BB591E160C7C00512244 /* Project object */;
}
